github.com/KaTeX/KaTeX v0.16.9 h1:4VYWM2nMSCfOPi63mTRJYQs0UmZPGTx3noiQ/vJu9Rk=
github.com/KaTeX/KaTeX v0.16.9/go.mod h1:VI+aE+CVs/VqtbHnuhstfQST46GmrwpXH7LQAzYIouw=
github.com/KaTeX/KaTeX v0.16.19/go.mod h1:VI+aE+CVs/VqtbHnuhstfQST46GmrwpXH7LQAzYIouw=
github.com/hugomods/hugopress v0.5.0 h1:eQHg1aKnc5StGFnV5H0BORhE0UmHYpaWHnX9QNseHrw=
github.com/hugomods/hugopress v0.5.0/go.mod h1:CRYvr60xOkZOf4Atkuj+uEj2EH5pjJ39Ws3aJAkoMkA=
